{
  "nodes": {
    "nixpkgs": {
      "locked": {
        "lastModified": 1670276674,
        "narHash": "sha256-FqZ7b2RpoHQ/jlG6JPcCNmG/DoUPCIvyaropUDFhF3Q=",
        "owner": "nixos",
        "repo": "nixpkgs",
        "rev": "52e3e80afff4b16ccb7c52e9f0f5220552f03d04",
        "type": "github"
      },
      "original": {
        "owner": "nixos",
        "repo": "nixpkgs",
        "rev": "52e3e80afff4b16ccb7c52e9f0f5220552f03d04",
        "type": "github"
      }
    },
    "root": {
      "inputs": {
        "nixpkgs": "nixpkgs"
      }
    }
  },
  "root": "root",
  "version": 7
}
