# This file is automatically @generated by Poetry and should not be changed by hand.

[[package]]
name = "quix"
version = "1.2.3"
description = "Some description."
optional = false
python-versions = "~2.7 || ^3.4"
files = []
develop = true

[package.source]
type = "directory"
url = "quix"

[metadata]
lock-version = "2.0"
python-versions = "^3.8"
content-hash = "d2e1cf4390093213432fb8b58f90774a5247bfe860dedc2b023b27accc14cfad"
