# This file is automatically @generated by Poetry and should not be changed by hand.

[[package]]
name = "missing"
version = "1.2.3"
description = ""
optional = false
python-versions = "*"
files = []
develop = false

[package.source]
type = "directory"
url = "missing"

[metadata]
lock-version = "2.0"
python-versions = "*"
content-hash = "bec78476925e4cda6b22e91551ce4337264bdc3394c4f8297ad238f67a436d0e"
